
Microsoft Visual Studio Solution File, Format Version 12.00
# Visual Studio Version 16
VisualStudioVersion = 16.0.31829.152
MinimumVisualStudioVersion = 10.0.40219.1
Project("{FAE04EC0-301F-11D3-BF4B-00C04F79EFBC}") = "RoomFinishing", "RoomFinishing.csproj", "{326377C3-41D9-4F04-993C-5CA60C158898}"
EndProject
Global
	GlobalSection(SolutionConfigurationPlatforms) = preSolution
		Debug|Any CPU = Debug|Any CPU
		Debug|x64 = Debug|x64
		Release|Any CPU = Release|Any CPU
		Release|x64 = Release|x64
	EndGlobalSection
	GlobalSection(ProjectConfigurationPlatforms) = postSolution
		{326377C3-41D9-4F04-993C-5CA60C158898}.Debug|Any CPU.ActiveCfg = Debug|Any CPU
		{326377C3-41D9-4F04-993C-5CA60C158898}.Debug|Any CPU.Build.0 = Debug|Any CPU
		{326377C3-41D9-4F04-993C-5CA60C158898}.Debug|x64.ActiveCfg = Debug|x64
		{326377C3-41D9-4F04-993C-5CA60C158898}.Debug|x64.Build.0 = Debug|x64
		{326377C3-41D9-4F04-993C-5CA60C158898}.Release|Any CPU.ActiveCfg = Release|Any CPU
		{326377C3-41D9-4F04-993C-5CA60C158898}.Release|Any CPU.Build.0 = Release|Any CPU
		{326377C3-41D9-4F04-993C-5CA60C158898}.Release|x64.ActiveCfg = Release|x64
		{326377C3-41D9-4F04-993C-5CA60C158898}.Release|x64.Build.0 = Release|x64
	EndGlobalSection
	GlobalSection(SolutionProperties) = preSolution
		HideSolutionNode = FALSE
	EndGlobalSection
	GlobalSection(ExtensibilityGlobals) = postSolution
		SolutionGuid = {95A1C0DB-2CB8-4F2B-A225-1A58418AF64A}
	EndGlobalSection
EndGlobal
